
Microsoft Visual Studio Solution File, Format Version 12.00
# Visual Studio Version 17
VisualStudioVersion = 17.5.33424.131
MinimumVisualStudioVersion = 10.0.40219.1
Project("{FAE04EC0-301F-11D3-BF4B-00C04F79EFBC}") = "Projeto", "ConsoleApp4\Projeto.csproj", "{E7CE5B6E-DD3F-4189-ADDA-CD94048376CA}"
EndProject
Global
	GlobalSection(SolutionConfigurationPlatforms) = preSolution
		Debug|Any CPU = Debug|Any CPU
		Release|Any CPU = Release|Any CPU
	EndGlobalSection
	GlobalSection(ProjectConfigurationPlatforms) = postSolution
		{E7CE5B6E-DD3F-4189-ADDA-CD94048376CA}.Debug|Any CPU.ActiveCfg = Debug|Any CPU
		{E7CE5B6E-DD3F-4189-ADDA-CD94048376CA}.Debug|Any CPU.Build.0 = Debug|Any CPU
		{E7CE5B6E-DD3F-4189-ADDA-CD94048376CA}.Release|Any CPU.ActiveCfg = Release|Any CPU
		{E7CE5B6E-DD3F-4189-ADDA-CD94048376CA}.Release|Any CPU.Build.0 = Release|Any CPU
	EndGlobalSection
	GlobalSection(SolutionProperties) = preSolution
		HideSolutionNode = FALSE
	EndGlobalSection
	GlobalSection(ExtensibilityGlobals) = postSolution
		SolutionGuid = {4874FB26-D099-4D13-B8D2-2A6E541ACF1D}
	EndGlobalSection
EndGlobal
